// !$*UTF8*$!
{
	archiveVersion = 1;
	classes = {
	};
	objectVersion = 46;
	objects = {

/* Begin PBXBuildFile section */
		27944FE8A0295B94560370FD /* libPods-Waistcoat.a in Frameworks */ = {isa = PBXBuildFile; fileRef = AF48F403407AA731C0DAF1DA /* libPods-Waistcoat.a */; };
		9995A39C1F6F75D4001ECA49 /* UserNotifications.framework in Frameworks */ = {isa = PBXBuildFile; fileRef = 9995A39B1F6F75D4001ECA49 /* UserNotifications.framework */; };
		9995A39F1F6F76AA001ECA49 /* AppDelegate+UPush.m in Sources */ = {isa = PBXBuildFile; fileRef = 9995A39E1F6F76AA001ECA49 /* AppDelegate+UPush.m */; };
		9999CEE81F6B697C00ABA069 /* CircleListModel.m in Sources */ = {isa = PBXBuildFile; fileRef = 9999CEE71F6B697C00ABA069 /* CircleListModel.m */; };
		9999CEEB1F6B74C600ABA069 /* HotPostsModel.m in Sources */ = {isa = PBXBuildFile; fileRef = 9999CEEA1F6B74C600ABA069 /* HotPostsModel.m */; };
		9999CEEF1F6B760500ABA069 /* HotPostCell.m in Sources */ = {isa = PBXBuildFile; fileRef = 9999CEED1F6B760500ABA069 /* HotPostCell.m */; };
		9999CEF01F6B760500ABA069 /* HotPostCell.xib in Resources */ = {isa = PBXBuildFile; fileRef = 9999CEEE1F6B760500ABA069 /* HotPostCell.xib */; };
		9999CEF41F6B811000ABA069 /* CircelDetailViewController.m in Sources */ = {isa = PBXBuildFile; fileRef = 9999CEF21F6B811000ABA069 /* CircelDetailViewController.m */; };
		9999CEF51F6B811000ABA069 /* CircelDetailViewController.xib in Resources */ = {isa = PBXBuildFile; fileRef = 9999CEF31F6B811000ABA069 /* CircelDetailViewController.xib */; };
		9999CEF91F6B876700ABA069 /* PostDetailViewController.m in Sources */ = {isa = PBXBuildFile; fileRef = 9999CEF71F6B876700ABA069 /* PostDetailViewController.m */; };
		9999CEFA1F6B876700ABA069 /* PostDetailViewController.xib in Resources */ = {isa = PBXBuildFile; fileRef = 9999CEF81F6B876700ABA069 /* PostDetailViewController.xib */; };
		9999CEFD1F6B879500ABA069 /* CircleHead.m in Sources */ = {isa = PBXBuildFile; fileRef = 9999CEFC1F6B879500ABA069 /* CircleHead.m */; };
		9999CEFF1F6B87A300ABA069 /* CircleHead.xib in Resources */ = {isa = PBXBuildFile; fileRef = 9999CEFE1F6B87A300ABA069 /* CircleHead.xib */; };
		9999CF021F6B924D00ABA069 /* PostDetailHead.m in Sources */ = {isa = PBXBuildFile; fileRef = 9999CF011F6B924D00ABA069 /* PostDetailHead.m */; };
		9999CF041F6B925B00ABA069 /* PostDetailHead.xib in Resources */ = {isa = PBXBuildFile; fileRef = 9999CF031F6B925B00ABA069 /* PostDetailHead.xib */; };
		9999CF071F6B953200ABA069 /* PostDetailModel.m in Sources */ = {isa = PBXBuildFile; fileRef = 9999CF061F6B953200ABA069 /* PostDetailModel.m */; };
		9999CF0B1F6B9DB300ABA069 /* PostDetailCell.m in Sources */ = {isa = PBXBuildFile; fileRef = 9999CF091F6B9DB300ABA069 /* PostDetailCell.m */; };
		9999CF0C1F6B9DB300ABA069 /* PostDetailCell.xib in Resources */ = {isa = PBXBuildFile; fileRef = 9999CF0A1F6B9DB300ABA069 /* PostDetailCell.xib */; };
		9999CF101F6BA29D00ABA069 /* CircelNoticeViewController.m in Sources */ = {isa = PBXBuildFile; fileRef = 9999CF0E1F6BA29D00ABA069 /* CircelNoticeViewController.m */; };
		9999CF111F6BA29D00ABA069 /* CircelNoticeViewController.xib in Resources */ = {isa = PBXBuildFile; fileRef = 9999CF0F1F6BA29D00ABA069 /* CircelNoticeViewController.xib */; };
		9999CF141F6BD5B300ABA069 /* QGModel.m in Sources */ = {isa = PBXBuildFile; fileRef = 9999CF131F6BD5B300ABA069 /* QGModel.m */; };
		99A8A96C1F736D67000E4DE2 /* TakePhotoViewController.m in Sources */ = {isa = PBXBuildFile; fileRef = 99A8A96B1F736D67000E4DE2 /* TakePhotoViewController.m */; };
		99AB4BFE1F94649E00263977 /* AccountModel.m in Sources */ = {isa = PBXBuildFile; fileRef = 99AB4BFD1F94649C00263977 /* AccountModel.m */; };
		99AB4C131F9481E000263977 /* AboutUsViewController.m in Sources */ = {isa = PBXBuildFile; fileRef = 99AB4C091F947EBC00263977 /* AboutUsViewController.m */; };
		99AB4C161F9484FC00263977 /* LoadingViewController.m in Sources */ = {isa = PBXBuildFile; fileRef = 99AB4C151F9484FC00263977 /* LoadingViewController.m */; };
		99AB4C181F9486C900263977 /* Login.storyboard in Resources */ = {isa = PBXBuildFile; fileRef = 99AB4C171F9486C900263977 /* Login.storyboard */; };
		99AB4C191F9491AA00263977 /* MsgSettingTableViewController.m in Sources */ = {isa = PBXBuildFile; fileRef = 99AB4C0B1F947EBC00263977 /* MsgSettingTableViewController.m */; };
		99AB4C1A1F9491AA00263977 /* PersonMsgTableViewController.m in Sources */ = {isa = PBXBuildFile; fileRef = 99AB4C0E1F947EBC00263977 /* PersonMsgTableViewController.m */; };
		99AB4C1B1F9491AA00263977 /* SignTableViewController.m in Sources */ = {isa = PBXBuildFile; fileRef = 99AB4C121F947EBC00263977 /* SignTableViewController.m */; };
		99AB4C1C1F9491AA00263977 /* LoginTableViewController.m in Sources */ = {isa = PBXBuildFile; fileRef = 99AB4C041F9464BC00263977 /* LoginTableViewController.m */; };
		99AB4C1D1F9491AA00263977 /* RegisterTableViewController.m in Sources */ = {isa = PBXBuildFile; fileRef = 99AB4C061F9464BC00263977 /* RegisterTableViewController.m */; };
		99AB4C1E1F9491AA00263977 /* FindPwdTableViewController.m in Sources */ = {isa = PBXBuildFile; fileRef = 99AB4C011F9464BC00263977 /* FindPwdTableViewController.m */; };
		99B829F51F6A15980079C1CC /* main.m in Sources */ = {isa = PBXBuildFile; fileRef = 99B829F41F6A15980079C1CC /* main.m */; };
		99B829F81F6A15980079C1CC /* AppDelegate.m in Sources */ = {isa = PBXBuildFile; fileRef = 99B829F71F6A15980079C1CC /* AppDelegate.m */; };
		99B82A001F6A15980079C1CC /* Assets.xcassets in Resources */ = {isa = PBXBuildFile; fileRef = 99B829FF1F6A15980079C1CC /* Assets.xcassets */; };
		99B82A031F6A15980079C1CC /* LaunchScreen.storyboard in Resources */ = {isa = PBXBuildFile; fileRef = 99B82A011F6A15980079C1CC /* LaunchScreen.storyboard */; };
		99B82A1A1F6A336B0079C1CC /* UIViewExt.m in Sources */ = {isa = PBXBuildFile; fileRef = 99B82A191F6A336B0079C1CC /* UIViewExt.m */; };
		99B82A1D1F6A33720079C1CC /* Uitils.m in Sources */ = {isa = PBXBuildFile; fileRef = 99B82A1C1F6A33720079C1CC /* Uitils.m */; };
		99B82A421F6A5FCC0079C1CC /* BaseTabBarCtrl.m in Sources */ = {isa = PBXBuildFile; fileRef = 99B82A401F6A5FCC0079C1CC /* BaseTabBarCtrl.m */; };
		99B82A431F6A5FCC0079C1CC /* BaseTabBarCtrl.xib in Resources */ = {isa = PBXBuildFile; fileRef = 99B82A411F6A5FCC0079C1CC /* BaseTabBarCtrl.xib */; };
		99B82A471F6A60840079C1CC /* GuessViewController.m in Sources */ = {isa = PBXBuildFile; fileRef = 99B82A451F6A60840079C1CC /* GuessViewController.m */; };
		99B82A481F6A60840079C1CC /* GuessViewController.xib in Resources */ = {isa = PBXBuildFile; fileRef = 99B82A461F6A60840079C1CC /* GuessViewController.xib */; };
		99B82A4D1F6A60CA0079C1CC /* SegmentTitleView.m in Sources */ = {isa = PBXBuildFile; fileRef = 99B82A4C1F6A60CA0079C1CC /* SegmentTitleView.m */; };
		99B82A521F6A62FA0079C1CC /* CALayer+TextFieldBoardColor.m in Sources */ = {isa = PBXBuildFile; fileRef = 99B82A4F1F6A62FA0079C1CC /* CALayer+TextFieldBoardColor.m */; };
		99B82A531F6A62FA0079C1CC /* UIColor+XTExtension.m in Sources */ = {isa = PBXBuildFile; fileRef = 99B82A511F6A62FA0079C1CC /* UIColor+XTExtension.m */; };
		99B82A5F1F6A7BB60079C1CC /* NewsViewController.m in Sources */ = {isa = PBXBuildFile; fileRef = 99B82A5D1F6A7BB60079C1CC /* NewsViewController.m */; };
		99B82A601F6A7BB60079C1CC /* NewsViewController.xib in Resources */ = {isa = PBXBuildFile; fileRef = 99B82A5E1F6A7BB60079C1CC /* NewsViewController.xib */; };
		99B82A641F6A7FBB0079C1CC /* BaseViewController.m in Sources */ = {isa = PBXBuildFile; fileRef = 99B82A621F6A7FBB0079C1CC /* BaseViewController.m */; };
		99B82A651F6A7FBB0079C1CC /* BaseViewController.xib in Resources */ = {isa = PBXBuildFile; fileRef = 99B82A631F6A7FBB0079C1CC /* BaseViewController.xib */; };
		99B82A6A1F6A80700079C1CC /* CircelsViewController.m in Sources */ = {isa = PBXBuildFile; fileRef = 99B82A681F6A80700079C1CC /* CircelsViewController.m */; };
		99B82A6B1F6A80700079C1CC /* CircelsViewController.xib in Resources */ = {isa = PBXBuildFile; fileRef = 99B82A691F6A80700079C1CC /* CircelsViewController.xib */; };
		99E22E7A1F94B2D80020174A /* PersonMsg.storyboard in Resources */ = {isa = PBXBuildFile; fileRef = 99AB4C0C1F947EBC00263977 /* PersonMsg.storyboard */; };
		99F0D9E11F723A8E00C949F1 /* SettingTableViewController.m in Sources */ = {isa = PBXBuildFile; fileRef = 99F0D9E01F723A8E00C949F1 /* SettingTableViewController.m */; };
		99F8B7AC1F73697700E40024 /* KSMNetworkRequest.m in Sources */ = {isa = PBXBuildFile; fileRef = 99F8B79E1F73697700E40024 /* KSMNetworkRequest.m */; };
		99F8B7AD1F73697700E40024 /* ShareManagerCtrl.m in Sources */ = {isa = PBXBuildFile; fileRef = 99F8B7A01F73697700E40024 /* ShareManagerCtrl.m */; };
		99F8B7AE1F73697700E40024 /* SVIndefiniteAnimatedView.m in Sources */ = {isa = PBXBuildFile; fileRef = 99F8B7A41F73697700E40024 /* SVIndefiniteAnimatedView.m */; };
		99F8B7AF1F73697700E40024 /* SVProgressHUD.bundle in Resources */ = {isa = PBXBuildFile; fileRef = 99F8B7A51F73697700E40024 /* SVProgressHUD.bundle */; };
		99F8B7B01F73697700E40024 /* SVProgressHUD.m in Sources */ = {isa = PBXBuildFile; fileRef = 99F8B7A71F73697700E40024 /* SVProgressHUD.m */; };
		99F8B7B11F73697700E40024 /* SVRadialGradientLayer.m in Sources */ = {isa = PBXBuildFile; fileRef = 99F8B7A91F73697700E40024 /* SVRadialGradientLayer.m */; };
		99F8B7B21F73697700E40024 /* ZHProgressHUD.m in Sources */ = {isa = PBXBuildFile; fileRef = 99F8B7AB1F73697700E40024 /* ZHProgressHUD.m */; };
		BF0FFB0C1F6CF40100F52482 /* OpenAwardCell.m in Sources */ = {isa = PBXBuildFile; fileRef = BF0FFB0A1F6CF40100F52482 /* OpenAwardCell.m */; };
		BF0FFB0D1F6CF40100F52482 /* OpenAwardCell.xib in Resources */ = {isa = PBXBuildFile; fileRef = BF0FFB0B1F6CF40100F52482 /* OpenAwardCell.xib */; };
		BF0FFB111F6D023A00F52482 /* OpenAwardDetailViewController.m in Sources */ = {isa = PBXBuildFile; fileRef = BF0FFB0F1F6D023A00F52482 /* OpenAwardDetailViewController.m */; };
		BF0FFB121F6D023A00F52482 /* OpenAwardDetailViewController.xib in Resources */ = {isa = PBXBuildFile; fileRef = BF0FFB101F6D023A00F52482 /* OpenAwardDetailViewController.xib */; };
		BF0FFB151F6D050A00F52482 /* QGDetailModel.m in Sources */ = {isa = PBXBuildFile; fileRef = BF0FFB141F6D050A00F52482 /* QGDetailModel.m */; };
		BF0FFB191F6D0A1A00F52482 /* INAwardViewController.m in Sources */ = {isa = PBXBuildFile; fileRef = BF0FFB171F6D0A1A00F52482 /* INAwardViewController.m */; };
		BF0FFB1A1F6D0A1A00F52482 /* INAwardViewController.xib in Resources */ = {isa = PBXBuildFile; fileRef = BF0FFB181F6D0A1A00F52482 /* INAwardViewController.xib */; };
		BF0FFB201F6D0AE100F52482 /* AwardInHead.m in Sources */ = {isa = PBXBuildFile; fileRef = BF0FFB1F1F6D0AE100F52482 /* AwardInHead.m */; };
		BF0FFB221F6D0AE900F52482 /* AwardInHead.xib in Resources */ = {isa = PBXBuildFile; fileRef = BF0FFB211F6D0AE900F52482 /* AwardInHead.xib */; };
		BF0FFB261F6D0D6D00F52482 /* AwardInCell.m in Sources */ = {isa = PBXBuildFile; fileRef = BF0FFB241F6D0D6D00F52482 /* AwardInCell.m */; };
		BF0FFB271F6D0D6D00F52482 /* AwardInCell.xib in Resources */ = {isa = PBXBuildFile; fileRef = BF0FFB251F6D0D6D00F52482 /* AwardInCell.xib */; };
		BF0FFB461F6D2E9E00F52482 /* Profile.storyboard in Resources */ = {isa = PBXBuildFile; fileRef = BF0FFB451F6D2E9E00F52482 /* Profile.storyboard */; };
		BF0FFB491F6D2EBD00F52482 /* ProfileViewController.m in Sources */ = {isa = PBXBuildFile; fileRef = BF0FFB481F6D2EBD00F52482 /* ProfileViewController.m */; };
		BF0FFB4C1F6D383500F52482 /* FeedbackViewController.m in Sources */ = {isa = PBXBuildFile; fileRef = BF0FFB4B1F6D383500F52482 /* FeedbackViewController.m */; };
		BF0FFB4F1F6D3C7200F52482 /* DealCodeViewController.m in Sources */ = {isa = PBXBuildFile; fileRef = BF0FFB4E1F6D3C7200F52482 /* DealCodeViewController.m */; };
/* End PBXBuildFile section */

/* Begin PBXFileReference section */
		20D5707932598268C47756BA /* Pods-Waistcoat.release.xcconfig */ = {isa = PBXFileReference; includeInIndex = 1; lastKnownFileType = text.xcconfig; name = "Pods-Waistcoat.release.xcconfig"; path = "Pods/Target Support Files/Pods-Waistcoat/Pods-Waistcoat.release.xcconfig"; sourceTree = "<group>"; };
		9995A39B1F6F75D4001ECA49 /* UserNotifications.framework */ = {isa = PBXFileReference; lastKnownFileType = wrapper.framework; name = UserNotifications.framework; path = System/Library/Frameworks/UserNotifications.framework; sourceTree = SDKROOT; };
		9995A39D1F6F76AA001ECA49 /* AppDelegate+UPush.h */ = {isa = PBXFileReference; fileEncoding = 4; lastKnownFileType = sourcecode.c.h; path = "AppDelegate+UPush.h"; sourceTree = "<group>"; };
		9995A39E1F6F76AA001ECA49 /* AppDelegate+UPush.m */ = {isa = PBXFileReference; fileEncoding = 4; lastKnownFileType = sourcecode.c.objc; path = "AppDelegate+UPush.m"; sourceTree = "<group>"; };
		9995A3A01F6F7818001ECA49 /* Waistcoat.entitlements */ = {isa = PBXFileReference; lastKnownFileType = text.plist.entitlements; path = Waistcoat.entitlements; sourceTree = "<group>"; };
		9999CEE61F6B697C00ABA069 /* CircleListModel.h */ = {isa = PBXFileReference; fileEncoding = 4; lastKnownFileType = sourcecode.c.h; path = CircleListModel.h; sourceTree = "<group>"; };
		9999CEE71F6B697C00ABA069 /* CircleListModel.m */ = {isa = PBXFileReference; fileEncoding = 4; lastKnownFileType = sourcecode.c.objc; path = CircleListModel.m; sourceTree = "<group>"; };
		9999CEE91F6B74C600ABA069 /* HotPostsModel.h */ = {isa = PBXFileReference; fileEncoding = 4; lastKnownFileType = sourcecode.c.h; path = HotPostsModel.h; sourceTree = "<group>"; };
		9999CEEA1F6B74C600ABA069 /* HotPostsModel.m */ = {isa = PBXFileReference; fileEncoding = 4; lastKnownFileType = sourcecode.c.objc; path = HotPostsModel.m; sourceTree = "<group>"; };
		9999CEEC1F6B760500ABA069 /* HotPostCell.h */ = {isa = PBXFileReference; fileEncoding = 4; lastKnownFileType = sourcecode.c.h; path = HotPostCell.h; sourceTree = "<group>"; };
		9999CEED1F6B760500ABA069 /* HotPostCell.m */ = {isa = PBXFileReference; fileEncoding = 4; lastKnownFileType = sourcecode.c.objc; path = HotPostCell.m; sourceTree = "<group>"; };
		9999CEEE1F6B760500ABA069 /* HotPostCell.xib */ = {isa = PBXFileReference; fileEncoding = 4; lastKnownFileType = file.xib; path = HotPostCell.xib; sourceTree = "<group>"; };
		9999CEF11F6B811000ABA069 /* CircelDetailViewController.h */ = {isa = PBXFileReference; fileEncoding = 4; lastKnownFileType = sourcecode.c.h; path = CircelDetailViewController.h; sourceTree = "<group>"; };
		9999CEF21F6B811000ABA069 /* CircelDetailViewController.m */ = {isa = PBXFileReference; fileEncoding = 4; lastKnownFileType = sourcecode.c.objc; path = CircelDetailViewController.m; sourceTree = "<group>"; };
		9999CEF31F6B811000ABA069 /* CircelDetailViewController.xib */ = {isa = PBXFileReference; fileEncoding = 4; lastKnownFileType = file.xib; path = CircelDetailViewController.xib; sourceTree = "<group>"; };
		9999CEF61F6B876700ABA069 /* PostDetailViewController.h */ = {isa = PBXFileReference; fileEncoding = 4; lastKnownFileType = sourcecode.c.h; path = PostDetailViewController.h; sourceTree = "<group>"; };
		9999CEF71F6B876700ABA069 /* PostDetailViewController.m */ = {isa = PBXFileReference; fileEncoding = 4; lastKnownFileType = sourcecode.c.objc; path = PostDetailViewController.m; sourceTree = "<group>"; };
		9999CEF81F6B876700ABA069 /* PostDetailViewController.xib */ = {isa = PBXFileReference; fileEncoding = 4; lastKnownFileType = file.xib; path = PostDetailViewController.xib; sourceTree = "<group>"; };
		9999CEFB1F6B879500ABA069 /* CircleHead.h */ = {isa = PBXFileReference; fileEncoding = 4; lastKnownFileType = sourcecode.c.h; path = CircleHead.h; sourceTree = "<group>"; };
		9999CEFC1F6B879500ABA069 /* CircleHead.m */ = {isa = PBXFileReference; fileEncoding = 4; lastKnownFileType = sourcecode.c.objc; path = CircleHead.m; sourceTree = "<group>"; };
		9999CEFE1F6B87A300ABA069 /* CircleHead.xib */ = {isa = PBXFileReference; fileEncoding = 4; lastKnownFileType = file.xib; path = CircleHead.xib; sourceTree = "<group>"; };
		9999CF001F6B924D00ABA069 /* PostDetailHead.h */ = {isa = PBXFileReference; fileEncoding = 4; lastKnownFileType = sourcecode.c.h; path = PostDetailHead.h; sourceTree = "<group>"; };
		9999CF011F6B924D00ABA069 /* PostDetailHead.m */ = {isa = PBXFileReference; fileEncoding = 4; lastKnownFileType = sourcecode.c.objc; path = PostDetailHead.m; sourceTree = "<group>"; };
		9999CF031F6B925B00ABA069 /* PostDetailHead.xib */ = {isa = PBXFileReference; fileEncoding = 4; lastKnownFileType = file.xib; path = PostDetailHead.xib; sourceTree = "<group>"; };
		9999CF051F6B953200ABA069 /* PostDetailModel.h */ = {isa = PBXFileReference; fileEncoding = 4; lastKnownFileType = sourcecode.c.h; path = PostDetailModel.h; sourceTree = "<group>"; };
		9999CF061F6B953200ABA069 /* PostDetailModel.m */ = {isa = PBXFileReference; fileEncoding = 4; lastKnownFileType = sourcecode.c.objc; path = PostDetailModel.m; sourceTree = "<group>"; };
		9999CF081F6B9DB300ABA069 /* PostDetailCell.h */ = {isa = PBXFileReference; fileEncoding = 4; lastKnownFileType = sourcecode.c.h; path = PostDetailCell.h; sourceTree = "<group>"; };
		9999CF091F6B9DB300ABA069 /* PostDetailCell.m */ = {isa = PBXFileReference; fileEncoding = 4; lastKnownFileType = sourcecode.c.objc; path = PostDetailCell.m; sourceTree = "<group>"; };
		9999CF0A1F6B9DB300ABA069 /* PostDetailCell.xib */ = {isa = PBXFileReference; fileEncoding = 4; lastKnownFileType = file.xib; path = PostDetailCell.xib; sourceTree = "<group>"; };
		9999CF0D1F6BA29D00ABA069 /* CircelNoticeViewController.h */ = {isa = PBXFileReference; fileEncoding = 4; lastKnownFileType = sourcecode.c.h; path = CircelNoticeViewController.h; sourceTree = "<group>"; };
		9999CF0E1F6BA29D00ABA069 /* CircelNoticeViewController.m */ = {isa = PBXFileReference; fileEncoding = 4; lastKnownFileType = sourcecode.c.objc; path = CircelNoticeViewController.m; sourceTree = "<group>"; };
		9999CF0F1F6BA29D00ABA069 /* CircelNoticeViewController.xib */ = {isa = PBXFileReference; fileEncoding = 4; lastKnownFileType = file.xib; path = CircelNoticeViewController.xib; sourceTree = "<group>"; };
		9999CF121F6BD5B300ABA069 /* QGModel.h */ = {isa = PBXFileReference; fileEncoding = 4; lastKnownFileType = sourcecode.c.h; path = QGModel.h; sourceTree = "<group>"; };
		9999CF131F6BD5B300ABA069 /* QGModel.m */ = {isa = PBXFileReference; fileEncoding = 4; lastKnownFileType = sourcecode.c.objc; path = QGModel.m; sourceTree = "<group>"; };
		99A8A96A1F736D67000E4DE2 /* TakePhotoViewController.h */ = {isa = PBXFileReference; fileEncoding = 4; lastKnownFileType = sourcecode.c.h; path = TakePhotoViewController.h; sourceTree = "<group>"; };
		99A8A96B1F736D67000E4DE2 /* TakePhotoViewController.m */ = {isa = PBXFileReference; fileEncoding = 4; lastKnownFileType = sourcecode.c.objc; path = TakePhotoViewController.m; sourceTree = "<group>"; };
		99AB4BFC1F94649A00263977 /* AccountModel.h */ = {isa = PBXFileReference; lastKnownFileType = sourcecode.c.h; path = AccountModel.h; sourceTree = "<group>"; };
		99AB4BFD1F94649C00263977 /* AccountModel.m */ = {isa = PBXFileReference; lastKnownFileType = sourcecode.c.objc; path = AccountModel.m; sourceTree = "<group>"; };
		99AB4C001F9464BC00263977 /* FindPwdTableViewController.h */ = {isa = PBXFileReference; lastKnownFileType = sourcecode.c.h; path = FindPwdTableViewController.h; sourceTree = "<group>"; };
		99AB4C011F9464BC00263977 /* FindPwdTableViewController.m */ = {isa = PBXFileReference; lastKnownFileType = sourcecode.c.objc; path = FindPwdTableViewController.m; sourceTree = "<group>"; };
		99AB4C031F9464BC00263977 /* LoginTableViewController.h */ = {isa = PBXFileReference; lastKnownFileType = sourcecode.c.h; path = LoginTableViewController.h; sourceTree = "<group>"; };
		99AB4C041F9464BC00263977 /* LoginTableViewController.m */ = {isa = PBXFileReference; lastKnownFileType = sourcecode.c.objc; path = LoginTableViewController.m; sourceTree = "<group>"; };
		99AB4C051F9464BC00263977 /* RegisterTableViewController.h */ = {isa = PBXFileReference; lastKnownFileType = sourcecode.c.h; path = RegisterTableViewController.h; sourceTree = "<group>"; };
		99AB4C061F9464BC00263977 /* RegisterTableViewController.m */ = {isa = PBXFileReference; lastKnownFileType = sourcecode.c.objc; path = RegisterTableViewController.m; sourceTree = "<group>"; };
		99AB4C081F947EBC00263977 /* AboutUsViewController.h */ = {isa = PBXFileReference; lastKnownFileType = sourcecode.c.h; path = AboutUsViewController.h; sourceTree = "<group>"; };
		99AB4C091F947EBC00263977 /* AboutUsViewController.m */ = {isa = PBXFileReference; lastKnownFileType = sourcecode.c.objc; path = AboutUsViewController.m; sourceTree = "<group>"; };
		99AB4C0A1F947EBC00263977 /* MsgSettingTableViewController.h */ = {isa = PBXFileReference; lastKnownFileType = sourcecode.c.h; path = MsgSettingTableViewController.h; sourceTree = "<group>"; };
		99AB4C0B1F947EBC00263977 /* MsgSettingTableViewController.m */ = {isa = PBXFileReference; lastKnownFileType = sourcecode.c.objc; path = MsgSettingTableViewController.m; sourceTree = "<group>"; };
		99AB4C0C1F947EBC00263977 /* PersonMsg.storyboard */ = {isa = PBXFileReference; lastKnownFileType = file.storyboard; path = PersonMsg.storyboard; sourceTree = "<group>"; };
		99AB4C0D1F947EBC00263977 /* PersonMsgTableViewController.h */ = {isa = PBXFileReference; lastKnownFileType = sourcecode.c.h; path = PersonMsgTableViewController.h; sourceTree = "<group>"; };
		99AB4C0E1F947EBC00263977 /* PersonMsgTableViewController.m */ = {isa = PBXFileReference; lastKnownFileType = sourcecode.c.objc; path = PersonMsgTableViewController.m; sourceTree = "<group>"; };
		99AB4C111F947EBC00263977 /* SignTableViewController.h */ = {isa = PBXFileReference; lastKnownFileType = sourcecode.c.h; path = SignTableViewController.h; sourceTree = "<group>"; };
		99AB4C121F947EBC00263977 /* SignTableViewController.m */ = {isa = PBXFileReference; lastKnownFileType = sourcecode.c.objc; path = SignTableViewController.m; sourceTree = "<group>"; };
		99AB4C141F9484FB00263977 /* LoadingViewController.h */ = {isa = PBXFileReference; lastKnownFileType = sourcecode.c.h; path = LoadingViewController.h; sourceTree = "<group>"; };
		99AB4C151F9484FC00263977 /* LoadingViewController.m */ = {isa = PBXFileReference; lastKnownFileType = sourcecode.c.objc; path = LoadingViewController.m; sourceTree = "<group>"; };
		99AB4C171F9486C900263977 /* Login.storyboard */ = {isa = PBXFileReference; fileEncoding = 4; lastKnownFileType = file.storyboard; path = Login.storyboard; sourceTree = "<group>"; };
		99B829F01F6A15980079C1CC /* Waistcoat.app */ = {isa = PBXFileReference; explicitFileType = wrapper.application; includeInIndex = 0; path = Waistcoat.app; sourceTree = BUILT_PRODUCTS_DIR; };
		99B829F41F6A15980079C1CC /* main.m */ = {isa = PBXFileReference; lastKnownFileType = sourcecode.c.objc; path = main.m; sourceTree = "<group>"; };
		99B829F61F6A15980079C1CC /* AppDelegate.h */ = {isa = PBXFileReference; lastKnownFileType = sourcecode.c.h; path = AppDelegate.h; sourceTree = "<group>"; };
		99B829F71F6A15980079C1CC /* AppDelegate.m */ = {isa = PBXFileReference; lastKnownFileType = sourcecode.c.objc; path = AppDelegate.m; sourceTree = "<group>"; };
		99B829FF1F6A15980079C1CC /* Assets.xcassets */ = {isa = PBXFileReference; lastKnownFileType = folder.assetcatalog; path = Assets.xcassets; sourceTree = "<group>"; };
		99B82A021F6A15980079C1CC /* Base */ = {isa = PBXFileReference; lastKnownFileType = file.storyboard; name = Base; path = Base.lproj/LaunchScreen.storyboard; sourceTree = "<group>"; };
		99B82A041F6A15980079C1CC /* Info.plist */ = {isa = PBXFileReference; lastKnownFileType = text.plist.xml; path = Info.plist; sourceTree = "<group>"; };
		99B82A161F6A33280079C1CC /* Defaults.h */ = {isa = PBXFileReference; lastKnownFileType = sourcecode.c.h; path = Defaults.h; sourceTree = "<group>"; };
		99B82A171F6A33390079C1CC /* NSURLs.h */ = {isa = PBXFileReference; lastKnownFileType = sourcecode.c.h; path = NSURLs.h; sourceTree = "<group>"; };
		99B82A181F6A336B0079C1CC /* UIViewExt.h */ = {isa = PBXFileReference; fileEncoding = 4; lastKnownFileType = sourcecode.c.h; path = UIViewExt.h; sourceTree = "<group>"; };
		99B82A191F6A336B0079C1CC /* UIViewExt.m */ = {isa = PBXFileReference; fileEncoding = 4; lastKnownFileType = sourcecode.c.objc; path = UIViewExt.m; sourceTree = "<group>"; };
		99B82A1B1F6A33720079C1CC /* Uitils.h */ = {isa = PBXFileReference; fileEncoding = 4; lastKnownFileType = sourcecode.c.h; path = Uitils.h; sourceTree = "<group>"; };
		99B82A1C1F6A33720079C1CC /* Uitils.m */ = {isa = PBXFileReference; fileEncoding = 4; lastKnownFileType = sourcecode.c.objc; path = Uitils.m; sourceTree = "<group>"; };
		99B82A3F1F6A5FCC0079C1CC /* BaseTabBarCtrl.h */ = {isa = PBXFileReference; fileEncoding = 4; lastKnownFileType = sourcecode.c.h; path = BaseTabBarCtrl.h; sourceTree = "<group>"; };
		99B82A401F6A5FCC0079C1CC /* BaseTabBarCtrl.m */ = {isa = PBXFileReference; fileEncoding = 4; lastKnownFileType = sourcecode.c.objc; path = BaseTabBarCtrl.m; sourceTree = "<group>"; };
		99B82A411F6A5FCC0079C1CC /* BaseTabBarCtrl.xib */ = {isa = PBXFileReference; fileEncoding = 4; lastKnownFileType = file.xib; path = BaseTabBarCtrl.xib; sourceTree = "<group>"; };
		99B82A441F6A60840079C1CC /* GuessViewController.h */ = {isa = PBXFileReference; fileEncoding = 4; lastKnownFileType = sourcecode.c.h; path = GuessViewController.h; sourceTree = "<group>"; };
		99B82A451F6A60840079C1CC /* GuessViewController.m */ = {isa = PBXFileReference; fileEncoding = 4; lastKnownFileType = sourcecode.c.objc; path = GuessViewController.m; sourceTree = "<group>"; };
		99B82A461F6A60840079C1CC /* GuessViewController.xib */ = {isa = PBXFileReference; fileEncoding = 4; lastKnownFileType = file.xib; path = GuessViewController.xib; sourceTree = "<group>"; };
		99B82A4B1F6A60CA0079C1CC /* SegmentTitleView.h */ = {isa = PBXFileReference; fileEncoding = 4; lastKnownFileType = sourcecode.c.h; path = SegmentTitleView.h; sourceTree = "<group>"; };
		99B82A4C1F6A60CA0079C1CC /* SegmentTitleView.m */ = {isa = PBXFileReference; fileEncoding = 4; lastKnownFileType = sourcecode.c.objc; path = SegmentTitleView.m; sourceTree = "<group>"; };
		99B82A4E1F6A62FA0079C1CC /* CALayer+TextFieldBoardColor.h */ = {isa = PBXFileReference; fileEncoding = 4; lastKnownFileType = sourcecode.c.h; path = "CALayer+TextFieldBoardColor.h"; sourceTree = "<group>"; };
		99B82A4F1F6A62FA0079C1CC /* CALayer+TextFieldBoardColor.m */ = {isa = PBXFileReference; fileEncoding = 4; lastKnownFileType = sourcecode.c.objc; path = "CALayer+TextFieldBoardColor.m"; sourceTree = "<group>"; };
		99B82A501F6A62FA0079C1CC /* UIColor+XTExtension.h */ = {isa = PBXFileReference; fileEncoding = 4; lastKnownFileType = sourcecode.c.h; path = "UIColor+XTExtension.h"; sourceTree = "<group>"; };
		99B82A511F6A62FA0079C1CC /* UIColor+XTExtension.m */ = {isa = PBXFileReference; fileEncoding = 4; lastKnownFileType = sourcecode.c.objc; path = "UIColor+XTExtension.m"; sourceTree = "<group>"; };
		99B82A581F6A689E0079C1CC /* Waistcoat.pch */ = {isa = PBXFileReference; lastKnownFileType = sourcecode.c.h; path = Waistcoat.pch; sourceTree = "<group>"; };
		99B82A5C1F6A7BB60079C1CC /* NewsViewController.h */ = {isa = PBXFileReference; fileEncoding = 4; lastKnownFileType = sourcecode.c.h; path = NewsViewController.h; sourceTree = "<group>"; };
		99B82A5D1F6A7BB60079C1CC /* NewsViewController.m */ = {isa = PBXFileReference; fileEncoding = 4; lastKnownFileType = sourcecode.c.objc; path = NewsViewController.m; sourceTree = "<group>"; };
		99B82A5E1F6A7BB60079C1CC /* NewsViewController.xib */ = {isa = PBXFileReference; fileEncoding = 4; lastKnownFileType = file.xib; path = NewsViewController.xib; sourceTree = "<group>"; };
		99B82A611F6A7FBB0079C1CC /* BaseViewController.h */ = {isa = PBXFileReference; fileEncoding = 4; lastKnownFileType = sourcecode.c.h; path = BaseViewController.h; sourceTree = "<group>"; };
		99B82A621F6A7FBB0079C1CC /* BaseViewController.m */ = {isa = PBXFileReference; fileEncoding = 4; lastKnownFileType = sourcecode.c.objc; path = BaseViewController.m; sourceTree = "<group>"; };
		99B82A631F6A7FBB0079C1CC /* BaseViewController.xib */ = {isa = PBXFileReference; fileEncoding = 4; lastKnownFileType = file.xib; path = BaseViewController.xib; sourceTree = "<group>"; };
		99B82A671F6A80700079C1CC /* CircelsViewController.h */ = {isa = PBXFileReference; fileEncoding = 4; lastKnownFileType = sourcecode.c.h; path = CircelsViewController.h; sourceTree = "<group>"; };
		99B82A681F6A80700079C1CC /* CircelsViewController.m */ = {isa = PBXFileReference; fileEncoding = 4; lastKnownFileType = sourcecode.c.objc; path = CircelsViewController.m; sourceTree = "<group>"; };
		99B82A691F6A80700079C1CC /* CircelsViewController.xib */ = {isa = PBXFileReference; fileEncoding = 4; lastKnownFileType = file.xib; path = CircelsViewController.xib; sourceTree = "<group>"; };
		99F0D9DF1F723A8E00C949F1 /* SettingTableViewController.h */ = {isa = PBXFileReference; fileEncoding = 4; lastKnownFileType = sourcecode.c.h; name = SettingTableViewController.h; path = Waistcoat/Class/PersonMsg/SettingTableViewController.h; sourceTree = SOURCE_ROOT; };
		99F0D9E01F723A8E00C949F1 /* SettingTableViewController.m */ = {isa = PBXFileReference; fileEncoding = 4; lastKnownFileType = sourcecode.c.objc; name = SettingTableViewController.m; path = Waistcoat/Class/PersonMsg/SettingTableViewController.m; sourceTree = SOURCE_ROOT; };
		99F8B79D1F73697700E40024 /* KSMNetworkRequest.h */ = {isa = PBXFileReference; fileEncoding = 4; lastKnownFileType = sourcecode.c.h; path = KSMNetworkRequest.h; sourceTree = "<group>"; };
		99F8B79E1F73697700E40024 /* KSMNetworkRequest.m */ = {isa = PBXFileReference; fileEncoding = 4; lastKnownFileType = sourcecode.c.objc; path = KSMNetworkRequest.m; sourceTree = "<group>"; };
		99F8B79F1F73697700E40024 /* ShareManagerCtrl.h */ = {isa = PBXFileReference; fileEncoding = 4; lastKnownFileType = sourcecode.c.h; path = ShareManagerCtrl.h; sourceTree = "<group>"; };
		99F8B7A01F73697700E40024 /* ShareManagerCtrl.m */ = {isa = PBXFileReference; fileEncoding = 4; lastKnownFileType = sourcecode.c.objc; path = ShareManagerCtrl.m; sourceTree = "<group>"; };
		99F8B7A31F73697700E40024 /* SVIndefiniteAnimatedView.h */ = {isa = PBXFileReference; fileEncoding = 4; lastKnownFileType = sourcecode.c.h; path = SVIndefiniteAnimatedView.h; sourceTree = "<group>"; };
		99F8B7A41F73697700E40024 /* SVIndefiniteAnimatedView.m */ = {isa = PBXFileReference; fileEncoding = 4; lastKnownFileType = sourcecode.c.objc; path = SVIndefiniteAnimatedView.m; sourceTree = "<group>"; };
		99F8B7A51F73697700E40024 /* SVProgressHUD.bundle */ = {isa = PBXFileReference; lastKnownFileType = "wrapper.plug-in"; path = SVProgressHUD.bundle; sourceTree = "<group>"; };
		99F8B7A61F73697700E40024 /* SVProgressHUD.h */ = {isa = PBXFileReference; fileEncoding = 4; lastKnownFileType = sourcecode.c.h; path = SVProgressHUD.h; sourceTree = "<group>"; };
		99F8B7A71F73697700E40024 /* SVProgressHUD.m */ = {isa = PBXFileReference; fileEncoding = 4; lastKnownFileType = sourcecode.c.objc; path = SVProgressHUD.m; sourceTree = "<group>"; };
		99F8B7A81F73697700E40024 /* SVRadialGradientLayer.h */ = {isa = PBXFileReference; fileEncoding = 4; lastKnownFileType = sourcecode.c.h; path = SVRadialGradientLayer.h; sourceTree = "<group>"; };
		99F8B7A91F73697700E40024 /* SVRadialGradientLayer.m */ = {isa = PBXFileReference; fileEncoding = 4; lastKnownFileType = sourcecode.c.objc; path = SVRadialGradientLayer.m; sourceTree = "<group>"; };
		99F8B7AA1F73697700E40024 /* ZHProgressHUD.h */ = {isa = PBXFileReference; fileEncoding = 4; lastKnownFileType = sourcecode.c.h; path = ZHProgressHUD.h; sourceTree = "<group>"; };
		99F8B7AB1F73697700E40024 /* ZHProgressHUD.m */ = {isa = PBXFileReference; fileEncoding = 4; lastKnownFileType = sourcecode.c.objc; path = ZHProgressHUD.m; sourceTree = "<group>"; };
		AF48F403407AA731C0DAF1DA /* libPods-Waistcoat.a */ = {isa = PBXFileReference; explicitFileType = archive.ar; includeInIndex = 0; path = "libPods-Waistcoat.a"; sourceTree = BUILT_PRODUCTS_DIR; };
		B83B6BFB0DF2A8A442649A19 /* Pods-Waistcoat.debug.xcconfig */ = {isa = PBXFileReference; includeInIndex = 1; lastKnownFileType = text.xcconfig; name = "Pods-Waistcoat.debug.xcconfig"; path = "Pods/Target Support Files/Pods-Waistcoat/Pods-Waistcoat.debug.xcconfig"; sourceTree = "<group>"; };
		BF0FFB091F6CF40100F52482 /* OpenAwardCell.h */ = {isa = PBXFileReference; fileEncoding = 4; lastKnownFileType = sourcecode.c.h; path = OpenAwardCell.h; sourceTree = "<group>"; };
		BF0FFB0A1F6CF40100F52482 /* OpenAwardCell.m */ = {isa = PBXFileReference; fileEncoding = 4; lastKnownFileType = sourcecode.c.objc; path = OpenAwardCell.m; sourceTree = "<group>"; };
		BF0FFB0B1F6CF40100F52482 /* OpenAwardCell.xib */ = {isa = PBXFileReference; fileEncoding = 4; lastKnownFileType = file.xib; path = OpenAwardCell.xib; sourceTree = "<group>"; };
		BF0FFB0E1F6D023A00F52482 /* OpenAwardDetailViewController.h */ = {isa = PBXFileReference; fileEncoding = 4; lastKnownFileType = sourcecode.c.h; path = OpenAwardDetailViewController.h; sourceTree = "<group>"; };
		BF0FFB0F1F6D023A00F52482 /* OpenAwardDetailViewController.m */ = {isa = PBXFileReference; fileEncoding = 4; lastKnownFileType = sourcecode.c.objc; path = OpenAwardDetailViewController.m; sourceTree = "<group>"; };
		BF0FFB101F6D023A00F52482 /* OpenAwardDetailViewController.xib */ = {isa = PBXFileReference; fileEncoding = 4; lastKnownFileType = file.xib; path = OpenAwardDetailViewController.xib; sourceTree = "<group>"; };
		BF0FFB131F6D050A00F52482 /* QGDetailModel.h */ = {isa = PBXFileReference; fileEncoding = 4; lastKnownFileType = sourcecode.c.h; path = QGDetailModel.h; sourceTree = "<group>"; };
		BF0FFB141F6D050A00F52482 /* QGDetailModel.m */ = {isa = PBXFileReference; fileEncoding = 4; lastKnownFileType = sourcecode.c.objc; path = QGDetailModel.m; sourceTree = "<group>"; };
		BF0FFB161F6D0A1A00F52482 /* INAwardViewController.h */ = {isa = PBXFileReference; fileEncoding = 4; lastKnownFileType = sourcecode.c.h; path = INAwardViewController.h; sourceTree = "<group>"; };
		BF0FFB171F6D0A1A00F52482 /* INAwardViewController.m */ = {isa = PBXFileReference; fileEncoding = 4; lastKnownFileType = sourcecode.c.objc; path = INAwardViewController.m; sourceTree = "<group>"; };
		BF0FFB181F6D0A1A00F52482 /* INAwardViewController.xib */ = {isa = PBXFileReference; fileEncoding = 4; lastKnownFileType = file.xib; path = INAwardViewController.xib; sourceTree = "<group>"; };
		BF0FFB1E1F6D0AE100F52482 /* AwardInHead.h */ = {isa = PBXFileReference; fileEncoding = 4; lastKnownFileType = sourcecode.c.h; path = AwardInHead.h; sourceTree = "<group>"; };
		BF0FFB1F1F6D0AE100F52482 /* AwardInHead.m */ = {isa = PBXFileReference; fileEncoding = 4; lastKnownFileType = sourcecode.c.objc; path = AwardInHead.m; sourceTree = "<group>"; };
		BF0FFB211F6D0AE900F52482 /* AwardInHead.xib */ = {isa = PBXFileReference; fileEncoding = 4; lastKnownFileType = file.xib; path = AwardInHead.xib; sourceTree = "<group>"; };
		BF0FFB231F6D0D6D00F52482 /* AwardInCell.h */ = {isa = PBXFileReference; fileEncoding = 4; lastKnownFileType = sourcecode.c.h; path = AwardInCell.h; sourceTree = "<group>"; };
		BF0FFB241F6D0D6D00F52482 /* AwardInCell.m */ = {isa = PBXFileReference; fileEncoding = 4; lastKnownFileType = sourcecode.c.objc; path = AwardInCell.m; sourceTree = "<group>"; };
		BF0FFB251F6D0D6D00F52482 /* AwardInCell.xib */ = {isa = PBXFileReference; fileEncoding = 4; lastKnownFileType = file.xib; path = AwardInCell.xib; sourceTree = "<group>"; };
		BF0FFB451F6D2E9E00F52482 /* Profile.storyboard */ = {isa = PBXFileReference; fileEncoding = 4; lastKnownFileType = file.storyboard; name = Profile.storyboard; path = Waistcoat/Class/Personal/Profile.storyboard; sourceTree = SOURCE_ROOT; };
		BF0FFB471F6D2EBD00F52482 /* ProfileViewController.h */ = {isa = PBXFileReference; fileEncoding = 4; lastKnownFileType = sourcecode.c.h; name = ProfileViewController.h; path = Waistcoat/Class/Personal/ProfileViewController.h; sourceTree = SOURCE_ROOT; };
		BF0FFB481F6D2EBD00F52482 /* ProfileViewController.m */ = {isa = PBXFileReference; fileEncoding = 4; lastKnownFileType = sourcecode.c.objc; name = ProfileViewController.m; path = Waistcoat/Class/Personal/ProfileViewController.m; sourceTree = SOURCE_ROOT; };
		BF0FFB4A1F6D383500F52482 /* FeedbackViewController.h */ = {isa = PBXFileReference; fileEncoding = 4; lastKnownFileType = sourcecode.c.h; name = FeedbackViewController.h; path = Waistcoat/Class/Personal/FeedbackViewController.h; sourceTree = SOURCE_ROOT; };
		BF0FFB4B1F6D383500F52482 /* FeedbackViewController.m */ = {isa = PBXFileReference; fileEncoding = 4; lastKnownFileType = sourcecode.c.objc; name = FeedbackViewController.m; path = Waistcoat/Class/Personal/FeedbackViewController.m; sourceTree = SOURCE_ROOT; };
		BF0FFB4D1F6D3C7200F52482 /* DealCodeViewController.h */ = {isa = PBXFileReference; fileEncoding = 4; lastKnownFileType = sourcecode.c.h; name = DealCodeViewController.h; path = Waistcoat/Class/Personal/DealCodeViewController.h; sourceTree = SOURCE_ROOT; };
		BF0FFB4E1F6D3C7200F52482 /* DealCodeViewController.m */ = {isa = PBXFileReference; fileEncoding = 4; lastKnownFileType = sourcecode.c.objc; name = DealCodeViewController.m; path = Waistcoat/Class/Personal/DealCodeViewController.m; sourceTree = SOURCE_ROOT; };
/* End PBXFileReference section */

/* Begin PBXFrameworksBuildPhase section */
		99B829ED1F6A15980079C1CC /* Frameworks */ = {
			isa = PBXFrameworksBuildPhase;
			buildActionMask = 2147483647;
			files = (
				9995A39C1F6F75D4001ECA49 /* UserNotifications.framework in Frameworks */,
				27944FE8A0295B94560370FD /* libPods-Waistcoat.a in Frameworks */,
			);
			runOnlyForDeploymentPostprocessing = 0;
		};
/* End PBXFrameworksBuildPhase section */

/* Begin PBXGroup section */
		5916E7BE3FC5710C40404665 /* Pods */ = {
			isa = PBXGroup;
			children = (
				B83B6BFB0DF2A8A442649A19 /* Pods-Waistcoat.debug.xcconfig */,
				20D5707932598268C47756BA /* Pods-Waistcoat.release.xcconfig */,
			);
			name = Pods;
			sourceTree = "<group>";
		};
		6E7BA3094218A3CE38BE9C2A /* Frameworks */ = {
			isa = PBXGroup;
			children = (
				9995A39B1F6F75D4001ECA49 /* UserNotifications.framework */,
				AF48F403407AA731C0DAF1DA /* libPods-Waistcoat.a */,
			);
			name = Frameworks;
			sourceTree = "<group>";
		};
		9999CEE41F6B696200ABA069 /* View */ = {
			isa = PBXGroup;
			children = (
				9999CEEC1F6B760500ABA069 /* HotPostCell.h */,
				9999CEED1F6B760500ABA069 /* HotPostCell.m */,
				9999CEEE1F6B760500ABA069 /* HotPostCell.xib */,
				9999CEFB1F6B879500ABA069 /* CircleHead.h */,
				9999CEFC1F6B879500ABA069 /* CircleHead.m */,
				9999CEFE1F6B87A300ABA069 /* CircleHead.xib */,
				9999CF001F6B924D00ABA069 /* PostDetailHead.h */,
				9999CF011F6B924D00ABA069 /* PostDetailHead.m */,
				9999CF031F6B925B00ABA069 /* PostDetailHead.xib */,
				9999CF081F6B9DB300ABA069 /* PostDetailCell.h */,
				9999CF091F6B9DB300ABA069 /* PostDetailCell.m */,
				9999CF0A1F6B9DB300ABA069 /* PostDetailCell.xib */,
			);
			path = View;
			sourceTree = "<group>";
		};
		9999CEE51F6B696200ABA069 /* Model */ = {
			isa = PBXGroup;
			children = (
				9999CEE61F6B697C00ABA069 /* CircleListModel.h */,
				9999CEE71F6B697C00ABA069 /* CircleListModel.m */,
				9999CEE91F6B74C600ABA069 /* HotPostsModel.h */,
				9999CEEA1F6B74C600ABA069 /* HotPostsModel.m */,
				9999CF051F6B953200ABA069 /* PostDetailModel.h */,
				9999CF061F6B953200ABA069 /* PostDetailModel.m */,
			);
			path = Model;
			sourceTree = "<group>";
		};
		99A774191F94520700BE5F39 /* Personal */ = {
			isa = PBXGroup;
			children = (
				BF0FFB451F6D2E9E00F52482 /* Profile.storyboard */,
				BF0FFB471F6D2EBD00F52482 /* ProfileViewController.h */,
				BF0FFB481F6D2EBD00F52482 /* ProfileViewController.m */,
				BF0FFB4A1F6D383500F52482 /* FeedbackViewController.h */,
				BF0FFB4B1F6D383500F52482 /* FeedbackViewController.m */,
				BF0FFB4E1F6D3C7200F52482 /* DealCodeViewController.m */,
				BF0FFB4D1F6D3C7200F52482 /* DealCodeViewController.h */,
				99AB4C081F947EBC00263977 /* AboutUsViewController.h */,
				99AB4C091F947EBC00263977 /* AboutUsViewController.m */,
			);
			path = Personal;
			sourceTree = "<group>";
		};
		99AB4BFF1F9464BC00263977 /* LoginCtrl */ = {
			isa = PBXGroup;
			children = (
				99AB4C171F9486C900263977 /* Login.storyboard */,
				99AB4C031F9464BC00263977 /* LoginTableViewController.h */,
				99AB4C041F9464BC00263977 /* LoginTableViewController.m */,
				99AB4C051F9464BC00263977 /* RegisterTableViewController.h */,
				99AB4C061F9464BC00263977 /* RegisterTableViewController.m */,
				99AB4C001F9464BC00263977 /* FindPwdTableViewController.h */,
				99AB4C011F9464BC00263977 /* FindPwdTableViewController.m */,
			);
			path = LoginCtrl;
			sourceTree = "<group>";
		};
		99AB4C071F947EBC00263977 /* PersonMsg */ = {
			isa = PBXGroup;
			children = (
				99AB4C0C1F947EBC00263977 /* PersonMsg.storyboard */,
				99AB4C0D1F947EBC00263977 /* PersonMsgTableViewController.h */,
				99AB4C0E1F947EBC00263977 /* PersonMsgTableViewController.m */,
				99AB4C111F947EBC00263977 /* SignTableViewController.h */,
				99AB4C121F947EBC00263977 /* SignTableViewController.m */,
				99AB4C0A1F947EBC00263977 /* MsgSettingTableViewController.h */,
				99AB4C0B1F947EBC00263977 /* MsgSettingTableViewController.m */,
				99F0D9DF1F723A8E00C949F1 /* SettingTableViewController.h */,
				99F0D9E01F723A8E00C949F1 /* SettingTableViewController.m */,
			);
			path = PersonMsg;
			sourceTree = "<group>";
		};
		99B829E71F6A15980079C1CC = {
			isa = PBXGroup;
			children = (
				99B829F21F6A15980079C1CC /* Waistcoat */,
				99B829F11F6A15980079C1CC /* Products */,
				5916E7BE3FC5710C40404665 /* Pods */,
				6E7BA3094218A3CE38BE9C2A /* Frameworks */,
			);
			sourceTree = "<group>";
		};
		99B829F11F6A15980079C1CC /* Products */ = {
			isa = PBXGroup;
			children = (
				99B829F01F6A15980079C1CC /* Waistcoat.app */,
			);
			name = Products;
			sourceTree = "<group>";
		};
		99B829F21F6A15980079C1CC /* Waistcoat */ = {
			isa = PBXGroup;
			children = (
				9995A3A01F6F7818001ECA49 /* Waistcoat.entitlements */,
				99B829F61F6A15980079C1CC /* AppDelegate.h */,
				99B829F71F6A15980079C1CC /* AppDelegate.m */,
				9995A39D1F6F76AA001ECA49 /* AppDelegate+UPush.h */,
				9995A39E1F6F76AA001ECA49 /* AppDelegate+UPush.m */,
				99B82A581F6A689E0079C1CC /* Waistcoat.pch */,
				99AB4BFC1F94649A00263977 /* AccountModel.h */,
				99AB4BFD1F94649C00263977 /* AccountModel.m */,
				99AB4C141F9484FB00263977 /* LoadingViewController.h */,
				99AB4C151F9484FC00263977 /* LoadingViewController.m */,
				99A8A96A1F736D67000E4DE2 /* TakePhotoViewController.h */,
				99A8A96B1F736D67000E4DE2 /* TakePhotoViewController.m */,
				99B82A0A1F6A32070079C1CC /* Class */,
				99B82A0B1F6A32070079C1CC /* Common */,
				99B82A0C1F6A32070079C1CC /* Config */,
				99F8B79B1F73697700E40024 /* Thirds */,
				99B829FF1F6A15980079C1CC /* Assets.xcassets */,
				99B82A011F6A15980079C1CC /* LaunchScreen.storyboard */,
				99B82A041F6A15980079C1CC /* Info.plist */,
				99B829F31F6A15980079C1CC /* Supporting Files */,
			);
			path = Waistcoat;
			sourceTree = "<group>";
		};
		99B829F31F6A15980079C1CC /* Supporting Files */ = {
			isa = PBXGroup;
			children = (
				99B829F41F6A15980079C1CC /* main.m */,
			);
			name = "Supporting Files";
			sourceTree = "<group>";
		};
		99B82A0A1F6A32070079C1CC /* Class */ = {
			isa = PBXGroup;
			children = (
				99B82A3E1F6A5F7E0079C1CC /* BaseCtrl */,
				99AB4C071F947EBC00263977 /* PersonMsg */,
				99AB4BFF1F9464BC00263977 /* LoginCtrl */,
				99B82A3D1F6A57C00079C1CC /* Guess */,
				99B82A3B1F6A57C00079C1CC /* News */,
				99B82A661F6A805B0079C1CC /* Circels */,
				99A774191F94520700BE5F39 /* Personal */,
			);
			path = Class;
			sourceTree = "<group>";
		};
		99B82A0B1F6A32070079C1CC /* Common */ = {
			isa = PBXGroup;
			children = (
				99B82A4E1F6A62FA0079C1CC /* CALayer+TextFieldBoardColor.h */,
				99B82A4F1F6A62FA0079C1CC /* CALayer+TextFieldBoardColor.m */,
				99B82A501F6A62FA0079C1CC /* UIColor+XTExtension.h */,
				99B82A511F6A62FA0079C1CC /* UIColor+XTExtension.m */,
				99B82A1B1F6A33720079C1CC /* Uitils.h */,
				99B82A1C1F6A33720079C1CC /* Uitils.m */,
				99B82A181F6A336B0079C1CC /* UIViewExt.h */,
				99B82A191F6A336B0079C1CC /* UIViewExt.m */,
			);
			path = Common;
			sourceTree = "<group>";
		};
		99B82A0C1F6A32070079C1CC /* Config */ = {
			isa = PBXGroup;
			children = (
				99B82A161F6A33280079C1CC /* Defaults.h */,
				99B82A171F6A33390079C1CC /* NSURLs.h */,
			);
			path = Config;
			sourceTree = "<group>";
		};
		99B82A3B1F6A57C00079C1CC /* News */ = {
			isa = PBXGroup;
			children = (
				99B82A5C1F6A7BB60079C1CC /* NewsViewController.h */,
				99B82A5D1F6A7BB60079C1CC /* NewsViewController.m */,
				99B82A5E1F6A7BB60079C1CC /* NewsViewController.xib */,
			);
			path = News;
			sourceTree = "<group>";
		};
		99B82A3D1F6A57C00079C1CC /* Guess */ = {
			isa = PBXGroup;
			children = (
				99B82A441F6A60840079C1CC /* GuessViewController.h */,
				99B82A451F6A60840079C1CC /* GuessViewController.m */,
				99B82A461F6A60840079C1CC /* GuessViewController.xib */,
				BF0FFB0E1F6D023A00F52482 /* OpenAwardDetailViewController.h */,
				BF0FFB0F1F6D023A00F52482 /* OpenAwardDetailViewController.m */,
				BF0FFB101F6D023A00F52482 /* OpenAwardDetailViewController.xib */,
				BF0FFB161F6D0A1A00F52482 /* INAwardViewController.h */,
				BF0FFB171F6D0A1A00F52482 /* INAwardViewController.m */,
				BF0FFB181F6D0A1A00F52482 /* INAwardViewController.xib */,
				99B82A491F6A60AC0079C1CC /* Model */,
				99B82A4A1F6A60AC0079C1CC /* View */,
			);
			path = Guess;
			sourceTree = "<group>";
		};
		99B82A3E1F6A5F7E0079C1CC /* BaseCtrl */ = {
			isa = PBXGroup;
			children = (
				99B82A3F1F6A5FCC0079C1CC /* BaseTabBarCtrl.h */,
				99B82A401F6A5FCC0079C1CC /* BaseTabBarCtrl.m */,
				99B82A411F6A5FCC0079C1CC /* BaseTabBarCtrl.xib */,
				99B82A611F6A7FBB0079C1CC /* BaseViewController.h */,
				99B82A621F6A7FBB0079C1CC /* BaseViewController.m */,
				99B82A631F6A7FBB0079C1CC /* BaseViewController.xib */,
			);
			path = BaseCtrl;
			sourceTree = "<group>";
		};
		99B82A491F6A60AC0079C1CC /* Model */ = {
			isa = PBXGroup;
			children = (
				9999CF121F6BD5B300ABA069 /* QGModel.h */,
				9999CF131F6BD5B300ABA069 /* QGModel.m */,
				BF0FFB131F6D050A00F52482 /* QGDetailModel.h */,
				BF0FFB141F6D050A00F52482 /* QGDetailModel.m */,
			);
			path = Model;
			sourceTree = "<group>";
		};
		99B82A4A1F6A60AC0079C1CC /* View */ = {
			isa = PBXGroup;
			children = (
				99B82A4B1F6A60CA0079C1CC /* SegmentTitleView.h */,
				99B82A4C1F6A60CA0079C1CC /* SegmentTitleView.m */,
				BF0FFB091F6CF40100F52482 /* OpenAwardCell.h */,
				BF0FFB0A1F6CF40100F52482 /* OpenAwardCell.m */,
				BF0FFB0B1F6CF40100F52482 /* OpenAwardCell.xib */,
				BF0FFB231F6D0D6D00F52482 /* AwardInCell.h */,
				BF0FFB241F6D0D6D00F52482 /* AwardInCell.m */,
				BF0FFB251F6D0D6D00F52482 /* AwardInCell.xib */,
				BF0FFB1E1F6D0AE100F52482 /* AwardInHead.h */,
				BF0FFB1F1F6D0AE100F52482 /* AwardInHead.m */,
				BF0FFB211F6D0AE900F52482 /* AwardInHead.xib */,
			);
			path = View;
			sourceTree = "<group>";
		};
		99B82A661F6A805B0079C1CC /* Circels */ = {
			isa = PBXGroup;
			children = (
				9999CEE41F6B696200ABA069 /* View */,
				9999CEE51F6B696200ABA069 /* Model */,
				99B82A671F6A80700079C1CC /* CircelsViewController.h */,
				99B82A681F6A80700079C1CC /* CircelsViewController.m */,
				99B82A691F6A80700079C1CC /* CircelsViewController.xib */,
				9999CEF11F6B811000ABA069 /* CircelDetailViewController.h */,
				9999CEF21F6B811000ABA069 /* CircelDetailViewController.m */,
				9999CEF31F6B811000ABA069 /* CircelDetailViewController.xib */,
				9999CF0D1F6BA29D00ABA069 /* CircelNoticeViewController.h */,
				9999CF0E1F6BA29D00ABA069 /* CircelNoticeViewController.m */,
				9999CF0F1F6BA29D00ABA069 /* CircelNoticeViewController.xib */,
				9999CEF61F6B876700ABA069 /* PostDetailViewController.h */,
				9999CEF71F6B876700ABA069 /* PostDetailViewController.m */,
				9999CEF81F6B876700ABA069 /* PostDetailViewController.xib */,
			);
			path = Circels;
			sourceTree = "<group>";
		};
		99F8B79B1F73697700E40024 /* Thirds */ = {
			isa = PBXGroup;
			children = (
				99F8B79C1F73697700E40024 /* NetWorking */,
				99F8B7A11F73697700E40024 /* SVProgressHUD */,
			);
			path = Thirds;
			sourceTree = "<group>";
		};
		99F8B79C1F73697700E40024 /* NetWorking */ = {
			isa = PBXGroup;
			children = (
				99F8B79D1F73697700E40024 /* KSMNetworkRequest.h */,
				99F8B79E1F73697700E40024 /* KSMNetworkRequest.m */,
				99F8B79F1F73697700E40024 /* ShareManagerCtrl.h */,
				99F8B7A01F73697700E40024 /* ShareManagerCtrl.m */,
			);
			path = NetWorking;
			sourceTree = "<group>";
		};
		99F8B7A11F73697700E40024 /* SVProgressHUD */ = {
			isa = PBXGroup;
			children = (
				99F8B7A21F73697700E40024 /* SVProgressHUD */,
				99F8B7AA1F73697700E40024 /* ZHProgressHUD.h */,
				99F8B7AB1F73697700E40024 /* ZHProgressHUD.m */,
			);
			path = SVProgressHUD;
			sourceTree = "<group>";
		};
		99F8B7A21F73697700E40024 /* SVProgressHUD */ = {
			isa = PBXGroup;
			children = (
				99F8B7A31F73697700E40024 /* SVIndefiniteAnimatedView.h */,
				99F8B7A41F73697700E40024 /* SVIndefiniteAnimatedView.m */,
				99F8B7A51F73697700E40024 /* SVProgressHUD.bundle */,
				99F8B7A61F73697700E40024 /* SVProgressHUD.h */,
				99F8B7A71F73697700E40024 /* SVProgressHUD.m */,
				99F8B7A81F73697700E40024 /* SVRadialGradientLayer.h */,
				99F8B7A91F73697700E40024 /* SVRadialGradientLayer.m */,
			);
			path = SVProgressHUD;
			sourceTree = "<group>";
		};
/* End PBXGroup section */

/* Begin PBXNativeTarget section */
		99B829EF1F6A15980079C1CC /* Waistcoat */ = {
			isa = PBXNativeTarget;
			buildConfigurationList = 99B82A071F6A15980079C1CC /* Build configuration list for PBXNativeTarget "Waistcoat" */;
			buildPhases = (
				55C0CC91D38CDBB8AD711169 /* [CP] Check Pods Manifest.lock */,
				99B829EC1F6A15980079C1CC /* Sources */,
				99B829ED1F6A15980079C1CC /* Frameworks */,
				99B829EE1F6A15980079C1CC /* Resources */,
				60B69AA8C1FF3BED9B3E7A4F /* [CP] Embed Pods Frameworks */,
				0E70E79F2482178A0EEAC78F /* [CP] Copy Pods Resources */,
			);
			buildRules = (
			);
			dependencies = (
			);
			name = Waistcoat;
			productName = Waistcoat;
			productReference = 99B829F01F6A15980079C1CC /* Waistcoat.app */;
			productType = "com.apple.product-type.application";
		};
/* End PBXNativeTarget section */

/* Begin PBXProject section */
		99B829E81F6A15980079C1CC /* Project object */ = {
			isa = PBXProject;
			attributes = {
				LastUpgradeCheck = 0830;
				ORGANIZATIONNAME = zhy;
				TargetAttributes = {
					99B829EF1F6A15980079C1CC = {
						CreatedOnToolsVersion = 8.3.2;
						DevelopmentTeam = AKEZGLTY8R;
						ProvisioningStyle = Automatic;
						SystemCapabilities = {
							com.apple.BackgroundModes = {
								enabled = 1;
							};
							com.apple.Push = {
								enabled = 1;
							};
						};
					};
				};
			};
			buildConfigurationList = 99B829EB1F6A15980079C1CC /* Build configuration list for PBXProject "Waistcoat" */;
			compatibilityVersion = "Xcode 3.2";
			developmentRegion = English;
			hasScannedForEncodings = 0;
			knownRegions = (
				en,
				Base,
			);
			mainGroup = 99B829E71F6A15980079C1CC;
			productRefGroup = 99B829F11F6A15980079C1CC /* Products */;
			projectDirPath = "";
			projectRoot = "";
			targets = (
				99B829EF1F6A15980079C1CC /* Waistcoat */,
			);
		};
/* End PBXProject section */

/* Begin PBXResourcesBuildPhase section */
		99B829EE1F6A15980079C1CC /* Resources */ = {
			isa = PBXResourcesBuildPhase;
			buildActionMask = 2147483647;
			files = (
				99E22E7A1F94B2D80020174A /* PersonMsg.storyboard in Resources */,
				9999CEFA1F6B876700ABA069 /* PostDetailViewController.xib in Resources */,
				99B82A481F6A60840079C1CC /* GuessViewController.xib in Resources */,
				BF0FFB121F6D023A00F52482 /* OpenAwardDetailViewController.xib in Resources */,
				9999CEFF1F6B87A300ABA069 /* CircleHead.xib in Resources */,
				99B82A651F6A7FBB0079C1CC /* BaseViewController.xib in Resources */,
				BF0FFB271F6D0D6D00F52482 /* AwardInCell.xib in Resources */,
				BF0FFB221F6D0AE900F52482 /* AwardInHead.xib in Resources */,
				BF0FFB1A1F6D0A1A00F52482 /* INAwardViewController.xib in Resources */,
				99B82A031F6A15980079C1CC /* LaunchScreen.storyboard in Resources */,
				9999CF111F6BA29D00ABA069 /* CircelNoticeViewController.xib in Resources */,
				99AB4C181F9486C900263977 /* Login.storyboard in Resources */,
				9999CEF01F6B760500ABA069 /* HotPostCell.xib in Resources */,
				99B82A431F6A5FCC0079C1CC /* BaseTabBarCtrl.xib in Resources */,
				9999CEF51F6B811000ABA069 /* CircelDetailViewController.xib in Resources */,
				BF0FFB0D1F6CF40100F52482 /* OpenAwardCell.xib in Resources */,
				99B82A6B1F6A80700079C1CC /* CircelsViewController.xib in Resources */,
				9999CF0C1F6B9DB300ABA069 /* PostDetailCell.xib in Resources */,
				99F8B7AF1F73697700E40024 /* SVProgressHUD.bundle in Resources */,
				9999CF041F6B925B00ABA069 /* PostDetailHead.xib in Resources */,
				99B82A001F6A15980079C1CC /* Assets.xcassets in Resources */,
				BF0FFB461F6D2E9E00F52482 /* Profile.storyboard in Resources */,
				99B82A601F6A7BB60079C1CC /* NewsViewController.xib in Resources */,
			);
			runOnlyForDeploymentPostprocessing = 0;
		};
/* End PBXResourcesBuildPhase section */

/* Begin PBXShellScriptBuildPhase section */
		0E70E79F2482178A0EEAC78F /* [CP] Copy Pods Resources */ = {
			isa = PBXShellScriptBuildPhase;
			buildActionMask = 2147483647;
			files = (
			);
			inputPaths = (
			);
			name = "[CP] Copy Pods Resources";
			outputPaths = (
			);
			runOnlyForDeploymentPostprocessing = 0;
			shellPath = /bin/sh;
			shellScript = "\"${SRCROOT}/Pods/Target Support Files/Pods-Waistcoat/Pods-Waistcoat-resources.sh\"\n";
			showEnvVarsInLog = 0;
		};
		55C0CC91D38CDBB8AD711169 /* [CP] Check Pods Manifest.lock */ = {
			isa = PBXShellScriptBuildPhase;
			buildActionMask = 2147483647;
			files = (
			);
			inputPaths = (
			);
			name = "[CP] Check Pods Manifest.lock";
			outputPaths = (
			);
			runOnlyForDeploymentPostprocessing = 0;
			shellPath = /bin/sh;
			shellScript = "diff \"${PODS_PODFILE_DIR_PATH}/Podfile.lock\" \"${PODS_ROOT}/Manifest.lock\" > /dev/null\nif [ $? != 0 ] ; then\n    # print error to STDERR\n    echo \"error: The sandbox is not in sync with the Podfile.lock. Run 'pod install' or update your CocoaPods installation.\" >&2\n    exit 1\nfi\n";
			showEnvVarsInLog = 0;
		};
		60B69AA8C1FF3BED9B3E7A4F /* [CP] Embed Pods Frameworks */ = {
			isa = PBXShellScriptBuildPhase;
			buildActionMask = 2147483647;
			files = (
			);
			inputPaths = (
			);
			name = "[CP] Embed Pods Frameworks";
			outputPaths = (
			);
			runOnlyForDeploymentPostprocessing = 0;
			shellPath = /bin/sh;
			shellScript = "\"${SRCROOT}/Pods/Target Support Files/Pods-Waistcoat/Pods-Waistcoat-frameworks.sh\"\n";
			showEnvVarsInLog = 0;
		};
/* End PBXShellScriptBuildPhase section */

/* Begin PBXSourcesBuildPhase section */
		99B829EC1F6A15980079C1CC /* Sources */ = {
			isa = PBXSourcesBuildPhase;
			buildActionMask = 2147483647;
			files = (
				99AB4C191F9491AA00263977 /* MsgSettingTableViewController.m in Sources */,
				99AB4C1A1F9491AA00263977 /* PersonMsgTableViewController.m in Sources */,
				99AB4C1B1F9491AA00263977 /* SignTableViewController.m in Sources */,
				99AB4C1C1F9491AA00263977 /* LoginTableViewController.m in Sources */,
				99AB4C1D1F9491AA00263977 /* RegisterTableViewController.m in Sources */,
				99AB4C1E1F9491AA00263977 /* FindPwdTableViewController.m in Sources */,
				BF0FFB201F6D0AE100F52482 /* AwardInHead.m in Sources */,
				BF0FFB191F6D0A1A00F52482 /* INAwardViewController.m in Sources */,
				BF0FFB4F1F6D3C7200F52482 /* DealCodeViewController.m in Sources */,
				99B82A641F6A7FBB0079C1CC /* BaseViewController.m in Sources */,
				99B82A1D1F6A33720079C1CC /* Uitils.m in Sources */,
				9999CEF41F6B811000ABA069 /* CircelDetailViewController.m in Sources */,
				BF0FFB151F6D050A00F52482 /* QGDetailModel.m in Sources */,
				99B829F81F6A15980079C1CC /* AppDelegate.m in Sources */,
				BF0FFB111F6D023A00F52482 /* OpenAwardDetailViewController.m in Sources */,
				9999CEE81F6B697C00ABA069 /* CircleListModel.m in Sources */,
				BF0FFB4C1F6D383500F52482 /* FeedbackViewController.m in Sources */,
				99B82A521F6A62FA0079C1CC /* CALayer+TextFieldBoardColor.m in Sources */,
				99AB4BFE1F94649E00263977 /* AccountModel.m in Sources */,
				99F8B7B21F73697700E40024 /* ZHProgressHUD.m in Sources */,
				99F0D9E11F723A8E00C949F1 /* SettingTableViewController.m in Sources */,
				9999CF101F6BA29D00ABA069 /* CircelNoticeViewController.m in Sources */,
				BF0FFB0C1F6CF40100F52482 /* OpenAwardCell.m in Sources */,
				99B82A471F6A60840079C1CC /* GuessViewController.m in Sources */,
				9999CEFD1F6B879500ABA069 /* CircleHead.m in Sources */,
				9999CEF91F6B876700ABA069 /* PostDetailViewController.m in Sources */,
				9999CF021F6B924D00ABA069 /* PostDetailHead.m in Sources */,
				9999CF071F6B953200ABA069 /* PostDetailModel.m in Sources */,
				9999CF0B1F6B9DB300ABA069 /* PostDetailCell.m in Sources */,
				99F8B7AD1F73697700E40024 /* ShareManagerCtrl.m in Sources */,
				99A8A96C1F736D67000E4DE2 /* TakePhotoViewController.m in Sources */,
				99F8B7AE1F73697700E40024 /* SVIndefiniteAnimatedView.m in Sources */,
				9995A39F1F6F76AA001ECA49 /* AppDelegate+UPush.m in Sources */,
				BF0FFB491F6D2EBD00F52482 /* ProfileViewController.m in Sources */,
				99B82A1A1F6A336B0079C1CC /* UIViewExt.m in Sources */,
				99B82A6A1F6A80700079C1CC /* CircelsViewController.m in Sources */,
				99F8B7B11F73697700E40024 /* SVRadialGradientLayer.m in Sources */,
				BF0FFB261F6D0D6D00F52482 /* AwardInCell.m in Sources */,
				99B82A4D1F6A60CA0079C1CC /* SegmentTitleView.m in Sources */,
				9999CF141F6BD5B300ABA069 /* QGModel.m in Sources */,
				9999CEEF1F6B760500ABA069 /* HotPostCell.m in Sources */,
				9999CEEB1F6B74C600ABA069 /* HotPostsModel.m in Sources */,
				99B829F51F6A15980079C1CC /* main.m in Sources */,
				99F8B7B01F73697700E40024 /* SVProgressHUD.m in Sources */,
				99B82A5F1F6A7BB60079C1CC /* NewsViewController.m in Sources */,
				99AB4C131F9481E000263977 /* AboutUsViewController.m in Sources */,
				99B82A421F6A5FCC0079C1CC /* BaseTabBarCtrl.m in Sources */,
				99B82A531F6A62FA0079C1CC /* UIColor+XTExtension.m in Sources */,
				99F8B7AC1F73697700E40024 /* KSMNetworkRequest.m in Sources */,
				99AB4C161F9484FC00263977 /* LoadingViewController.m in Sources */,
			);
			runOnlyForDeploymentPostprocessing = 0;
		};
/* End PBXSourcesBuildPhase section */

/* Begin PBXVariantGroup section */
		99B82A011F6A15980079C1CC /* LaunchScreen.storyboard */ = {
			isa = PBXVariantGroup;
			children = (
				99B82A021F6A15980079C1CC /* Base */,
			);
			name = LaunchScreen.storyboard;
			sourceTree = "<group>";
		};
/* End PBXVariantGroup section */

/* Begin XCBuildConfiguration section */
		99B82A051F6A15980079C1CC /* Debug */ = {
			isa = XCBuildConfiguration;
			buildSettings = {
				ALWAYS_SEARCH_USER_PATHS = NO;
				CLANG_ANALYZER_NONNULL = YES;
				CLANG_ANALYZER_NUMBER_OBJECT_CONVERSION = YES_AGGRESSIVE;
				CLANG_CXX_LANGUAGE_STANDARD = "gnu++0x";
				CLANG_CXX_LIBRARY = "libc++";
				CLANG_ENABLE_MODULES = YES;
				CLANG_ENABLE_OBJC_ARC = YES;
				CLANG_WARN_BOOL_CONVERSION = YES;
				CLANG_WARN_CONSTANT_CONVERSION = YES;
				CLANG_WARN_DIRECT_OBJC_ISA_USAGE = YES_ERROR;
				CLANG_WARN_DOCUMENTATION_COMMENTS = YES;
				CLANG_WARN_EMPTY_BODY = YES;
				CLANG_WARN_ENUM_CONVERSION = YES;
				CLANG_WARN_INFINITE_RECURSION = YES;
				CLANG_WARN_INT_CONVERSION = YES;
				CLANG_WARN_OBJC_ROOT_CLASS = YES_ERROR;
				CLANG_WARN_SUSPICIOUS_MOVE = YES;
				CLANG_WARN_UNREACHABLE_CODE = YES;
				CLANG_WARN__DUPLICATE_METHOD_MATCH = YES;
				CODE_SIGN_IDENTITY = "iPhone Developer: Xianliang Shi (8GAMU7YWL2)";
				COPY_PHASE_STRIP = NO;
				DEBUG_INFORMATION_FORMAT = dwarf;
				DEVELOPMENT_TEAM = 4XH337X4G3;
				ENABLE_STRICT_OBJC_MSGSEND = YES;
				ENABLE_TESTABILITY = YES;
				GCC_C_LANGUAGE_STANDARD = gnu99;
				GCC_DYNAMIC_NO_PIC = NO;
				GCC_NO_COMMON_BLOCKS = YES;
				GCC_OPTIMIZATION_LEVEL = 0;
				GCC_PREPROCESSOR_DEFINITIONS = (
					"DEBUG=1",
					"$(inherited)",
				);
				GCC_WARN_64_TO_32_BIT_CONVERSION = YES;
				GCC_WARN_ABOUT_RETURN_TYPE = YES_ERROR;
				GCC_WARN_UNDECLARED_SELECTOR = YES;
				GCC_WARN_UNINITIALIZED_AUTOS = YES_AGGRESSIVE;
				GCC_WARN_UNUSED_FUNCTION = YES;
				GCC_WARN_UNUSED_VARIABLE = YES;
				IPHONEOS_DEPLOYMENT_TARGET = 8.0;
				MTL_ENABLE_DEBUG_INFO = YES;
				ONLY_ACTIVE_ARCH = YES;
				PROVISIONING_PROFILE = "3f4bf53a-7864-4842-8bbb-18b4f0d78b57";
				PROVISIONING_PROFILE_SPECIFIER = "";
				SDKROOT = iphoneos;
				TARGETED_DEVICE_FAMILY = "1,2";
			};
			name = Debug;
		};
		99B82A061F6A15980079C1CC /* Release */ = {
			isa = XCBuildConfiguration;
			buildSettings = {
				ALWAYS_SEARCH_USER_PATHS = NO;
				CLANG_ANALYZER_NONNULL = YES;
				CLANG_ANALYZER_NUMBER_OBJECT_CONVERSION = YES_AGGRESSIVE;
				CLANG_CXX_LANGUAGE_STANDARD = "gnu++0x";
				CLANG_CXX_LIBRARY = "libc++";
				CLANG_ENABLE_MODULES = YES;
				CLANG_ENABLE_OBJC_ARC = YES;
				CLANG_WARN_BOOL_CONVERSION = YES;
				CLANG_WARN_CONSTANT_CONVERSION = YES;
				CLANG_WARN_DIRECT_OBJC_ISA_USAGE = YES_ERROR;
				CLANG_WARN_DOCUMENTATION_COMMENTS = YES;
				CLANG_WARN_EMPTY_BODY = YES;
				CLANG_WARN_ENUM_CONVERSION = YES;
				CLANG_WARN_INFINITE_RECURSION = YES;
				CLANG_WARN_INT_CONVERSION = YES;
				CLANG_WARN_OBJC_ROOT_CLASS = YES_ERROR;
				CLANG_WARN_SUSPICIOUS_MOVE = YES;
				CLANG_WARN_UNREACHABLE_CODE = YES;
				CLANG_WARN__DUPLICATE_METHOD_MATCH = YES;
				CODE_SIGN_IDENTITY = "iPhone Distribution: Xianliang Shi (4XH337X4G3)";
				COPY_PHASE_STRIP = NO;
				DEBUG_INFORMATION_FORMAT = "dwarf-with-dsym";
				DEVELOPMENT_TEAM = 4XH337X4G3;
				ENABLE_NS_ASSERTIONS = NO;
				ENABLE_STRICT_OBJC_MSGSEND = YES;
				GCC_C_LANGUAGE_STANDARD = gnu99;
				GCC_NO_COMMON_BLOCKS = YES;
				GCC_WARN_64_TO_32_BIT_CONVERSION = YES;
				GCC_WARN_ABOUT_RETURN_TYPE = YES_ERROR;
				GCC_WARN_UNDECLARED_SELECTOR = YES;
				GCC_WARN_UNINITIALIZED_AUTOS = YES_AGGRESSIVE;
				GCC_WARN_UNUSED_FUNCTION = YES;
				GCC_WARN_UNUSED_VARIABLE = YES;
				IPHONEOS_DEPLOYMENT_TARGET = 8.0;
				MTL_ENABLE_DEBUG_INFO = NO;
				PROVISIONING_PROFILE = "fd780e1a-db93-4104-ad0d-6b53f1d64e3d";
				PROVISIONING_PROFILE_SPECIFIER = "";
				SDKROOT = iphoneos;
				TARGETED_DEVICE_FAMILY = "1,2";
				VALIDATE_PRODUCT = YES;
			};
			name = Release;
		};
		99B82A081F6A15980079C1CC /* Debug */ = {
			isa = XCBuildConfiguration;
			baseConfigurationReference = B83B6BFB0DF2A8A442649A19 /* Pods-Waistcoat.debug.xcconfig */;
			buildSettings = {
				ASSETCATALOG_COMPILER_APPICON_NAME = AppIcon;
				ASSETCATALOG_COMPILER_LAUNCHIMAGE_NAME = LaunchImage;
				CODE_SIGN_ENTITLEMENTS = Waistcoat/Waistcoat.entitlements;
				CODE_SIGN_IDENTITY = "iPhone Developer";
				"CODE_SIGN_IDENTITY[sdk=iphoneos*]" = "iPhone Developer";
				CODE_SIGN_STYLE = Automatic;
				DEVELOPMENT_TEAM = AKEZGLTY8R;
				GCC_PRECOMPILE_PREFIX_HEADER = NO;
				GCC_PREFIX_HEADER = "$(SRCROOT)/Waistcoat/Waistcoat.pch";
				INFOPLIST_FILE = Waistcoat/Info.plist;
				IPHONEOS_DEPLOYMENT_TARGET = 8.0;
				LD_RUNPATH_SEARCH_PATHS = "$(inherited) @executable_path/Frameworks";
				LIBRARY_SEARCH_PATHS = (
					"$(inherited)",
					"$(PROJECT_DIR)/Waistcoat/SDK/UMessage_Sdk_1.5.0a",
				);
				PRODUCT_BUNDLE_IDENTIFIER = com.sosoyy.m.api;
				PRODUCT_NAME = "$(TARGET_NAME)";
				PROVISIONING_PROFILE = "";
				PROVISIONING_PROFILE_SPECIFIER = "";
			};
			name = Debug;
		};
		99B82A091F6A15980079C1CC /* Release */ = {
			isa = XCBuildConfiguration;
			baseConfigurationReference = 20D5707932598268C47756BA /* Pods-Waistcoat.release.xcconfig */;
			buildSettings = {
				ASSETCATALOG_COMPILER_APPICON_NAME = AppIcon;
				ASSETCATALOG_COMPILER_LAUNCHIMAGE_NAME = LaunchImage;
				CODE_SIGN_ENTITLEMENTS = Waistcoat/Waistcoat.entitlements;
				CODE_SIGN_IDENTITY = "iPhone Distribution";
				"CODE_SIGN_IDENTITY[sdk=iphoneos*]" = "iPhone Developer";
				CODE_SIGN_STYLE = Automatic;
				DEVELOPMENT_TEAM = AKEZGLTY8R;
				GCC_PRECOMPILE_PREFIX_HEADER = NO;
				GCC_PREFIX_HEADER = "$(SRCROOT)/Waistcoat/Waistcoat.pch";
				INFOPLIST_FILE = Waistcoat/Info.plist;
				IPHONEOS_DEPLOYMENT_TARGET = 8.0;
				LD_RUNPATH_SEARCH_PATHS = "$(inherited) @executable_path/Frameworks";
				LIBRARY_SEARCH_PATHS = (
					"$(inherited)",
					"$(PROJECT_DIR)/Waistcoat/SDK/UMessage_Sdk_1.5.0a",
				);
				PRODUCT_BUNDLE_IDENTIFIER = com.sosoyy.m.api;
				PRODUCT_NAME = "$(TARGET_NAME)";
				PROVISIONING_PROFILE = "";
				PROVISIONING_PROFILE_SPECIFIER = "";
			};
			name = Release;
		};
/* End XCBuildConfiguration section */

/* Begin XCConfigurationList section */
		99B829EB1F6A15980079C1CC /* Build configuration list for PBXProject "Waistcoat" */ = {
			isa = XCConfigurationList;
			buildConfigurations = (
				99B82A051F6A15980079C1CC /* Debug */,
				99B82A061F6A15980079C1CC /* Release */,
			);
			defaultConfigurationIsVisible = 0;
			defaultConfigurationName = Release;
		};
		99B82A071F6A15980079C1CC /* Build configuration list for PBXNativeTarget "Waistcoat" */ = {
			isa = XCConfigurationList;
			buildConfigurations = (
				99B82A081F6A15980079C1CC /* Debug */,
				99B82A091F6A15980079C1CC /* Release */,
			);
			defaultConfigurationIsVisible = 0;
			defaultConfigurationName = Release;
		};
/* End XCConfigurationList section */
	};
	rootObject = 99B829E81F6A15980079C1CC /* Project object */;
}
